// !$*UTF8*$!
{
	archiveVersion = 1;
	classes = {
	};
	objectVersion = 46;
	objects = {

/* Begin PBXBuildFile section */
		268EE9071C3CFBB500E930DE /* WeatherResponse.m in Sources */ = {isa = PBXBuildFile; fileRef = 268EE9061C3CFBB500E930DE /* WeatherResponse.m */; };
		268EE90A1C3E424500E930DE /* WeatherObject.m in Sources */ = {isa = PBXBuildFile; fileRef = 268EE9091C3E424500E930DE /* WeatherObject.m */; };
		D14AC0421C0B459E0079A34A /* main.m in Sources */ = {isa = PBXBuildFile; fileRef = D14AC0411C0B459E0079A34A /* main.m */; };
		D14AC0451C0B459E0079A34A /* AppDelegate.m in Sources */ = {isa = PBXBuildFile; fileRef = D14AC0441C0B459E0079A34A /* AppDelegate.m */; };
		D14AC0481C0B459E0079A34A /* ViewController.m in Sources */ = {isa = PBXBuildFile; fileRef = D14AC0471C0B459E0079A34A /* ViewController.m */; };
		D14AC04B1C0B459E0079A34A /* Main.storyboard in Resources */ = {isa = PBXBuildFile; fileRef = D14AC0491C0B459E0079A34A /* Main.storyboard */; };
		D14AC04E1C0B459E0079A34A /* Parse_Object.xcdatamodeld in Sources */ = {isa = PBXBuildFile; fileRef = D14AC04C1C0B459E0079A34A /* Parse_Object.xcdatamodeld */; };
		D14AC0501C0B459E0079A34A /* Assets.xcassets in Resources */ = {isa = PBXBuildFile; fileRef = D14AC04F1C0B459E0079A34A /* Assets.xcassets */; };
		D14AC0531C0B459E0079A34A /* LaunchScreen.storyboard in Resources */ = {isa = PBXBuildFile; fileRef = D14AC0511C0B459E0079A34A /* LaunchScreen.storyboard */; };
		D14AC0911C0B478A0079A34A /* NSObject+SBJson.m in Sources */ = {isa = PBXBuildFile; fileRef = D14AC05F1C0B478A0079A34A /* NSObject+SBJson.m */; };
		D14AC0921C0B478A0079A34A /* SBJsonParser.m in Sources */ = {isa = PBXBuildFile; fileRef = D14AC0621C0B478A0079A34A /* SBJsonParser.m */; };
		D14AC0931C0B478A0079A34A /* SBJsonStreamParser.m in Sources */ = {isa = PBXBuildFile; fileRef = D14AC0641C0B478A0079A34A /* SBJsonStreamParser.m */; };
		D14AC0941C0B478A0079A34A /* SBJsonStreamParserAccumulator.m in Sources */ = {isa = PBXBuildFile; fileRef = D14AC0661C0B478A0079A34A /* SBJsonStreamParserAccumulator.m */; };
		D14AC0951C0B478A0079A34A /* SBJsonStreamParserAdapter.m in Sources */ = {isa = PBXBuildFile; fileRef = D14AC0681C0B478A0079A34A /* SBJsonStreamParserAdapter.m */; };
		D14AC0961C0B478A0079A34A /* SBJsonStreamParserState.m in Sources */ = {isa = PBXBuildFile; fileRef = D14AC06A1C0B478A0079A34A /* SBJsonStreamParserState.m */; };
		D14AC0971C0B478A0079A34A /* SBJsonStreamWriter.m in Sources */ = {isa = PBXBuildFile; fileRef = D14AC06C1C0B478A0079A34A /* SBJsonStreamWriter.m */; };
		D14AC0981C0B478A0079A34A /* SBJsonStreamWriterAccumulator.m in Sources */ = {isa = PBXBuildFile; fileRef = D14AC06E1C0B478A0079A34A /* SBJsonStreamWriterAccumulator.m */; };
		D14AC0991C0B478A0079A34A /* SBJsonStreamWriterState.m in Sources */ = {isa = PBXBuildFile; fileRef = D14AC0701C0B478A0079A34A /* SBJsonStreamWriterState.m */; };
		D14AC09A1C0B478A0079A34A /* SBJsonTokeniser.m in Sources */ = {isa = PBXBuildFile; fileRef = D14AC0721C0B478A0079A34A /* SBJsonTokeniser.m */; };
		D14AC09B1C0B478A0079A34A /* SBJsonUTF8Stream.m in Sources */ = {isa = PBXBuildFile; fileRef = D14AC0741C0B478A0079A34A /* SBJsonUTF8Stream.m */; };
		D14AC09C1C0B478A0079A34A /* SBJsonWriter.m in Sources */ = {isa = PBXBuildFile; fileRef = D14AC0761C0B478A0079A34A /* SBJsonWriter.m */; };
		D14AC09D1C0B478A0079A34A /* NSDictionary+ObjectMapper.m in Sources */ = {isa = PBXBuildFile; fileRef = D14AC07A1C0B478A0079A34A /* NSDictionary+ObjectMapper.m */; };
		D14AC09E1C0B478A0079A34A /* NSObject+ObjectMapper.m in Sources */ = {isa = PBXBuildFile; fileRef = D14AC07C1C0B478A0079A34A /* NSObject+ObjectMapper.m */; };
		D14AC09F1C0B478A0079A34A /* ManagedObjectInstanceProvider.m in Sources */ = {isa = PBXBuildFile; fileRef = D14AC0801C0B478A0079A34A /* ManagedObjectInstanceProvider.m */; };
		D14AC0A01C0B478A0079A34A /* ObjectInstanceProvider.m in Sources */ = {isa = PBXBuildFile; fileRef = D14AC0821C0B478A0079A34A /* ObjectInstanceProvider.m */; };
		D14AC0A11C0B478A0079A34A /* CommonLoggingProvider.m in Sources */ = {isa = PBXBuildFile; fileRef = D14AC0851C0B478A0079A34A /* CommonLoggingProvider.m */; };
		D14AC0A21C0B478A0079A34A /* InCodeMappingProvider.m in Sources */ = {isa = PBXBuildFile; fileRef = D14AC08A1C0B478A0079A34A /* InCodeMappingProvider.m */; };
		D14AC0A31C0B478A0079A34A /* ObjectMapper.m in Sources */ = {isa = PBXBuildFile; fileRef = D14AC08D1C0B478A0079A34A /* ObjectMapper.m */; };
		D14AC0A41C0B478A0079A34A /* ObjectMappingInfo.m in Sources */ = {isa = PBXBuildFile; fileRef = D14AC08F1C0B478A0079A34A /* ObjectMappingInfo.m */; };
		D14AC0A91C0B48720079A34A /* Declarations.m in Sources */ = {isa = PBXBuildFile; fileRef = D14AC0A81C0B48720079A34A /* Declarations.m */; };
		D14AC0AC1C0B48820079A34A /* WebServices.m in Sources */ = {isa = PBXBuildFile; fileRef = D14AC0AB1C0B48820079A34A /* WebServices.m */; };
		D14AC0AF1C0B488F0079A34A /* Parser.m in Sources */ = {isa = PBXBuildFile; fileRef = D14AC0AE1C0B488F0079A34A /* Parser.m */; };
		D14AC0B21C0B48AE0079A34A /* OCMapperConfig.m in Sources */ = {isa = PBXBuildFile; fileRef = D14AC0B11C0B48AE0079A34A /* OCMapperConfig.m */; };
		D14AC0B61C0B55F90079A34A /* ObjectResponse.m in Sources */ = {isa = PBXBuildFile; fileRef = D14AC0B51C0B55F90079A34A /* ObjectResponse.m */; };
		D14AC0BA1C0B59B70079A34A /* ZonesObject.m in Sources */ = {isa = PBXBuildFile; fileRef = D14AC0B91C0B59B70079A34A /* ZonesObject.m */; };
/* End PBXBuildFile section */

/* Begin PBXFileReference section */
		268EE9051C3CFBB500E930DE /* WeatherResponse.h */ = {isa = PBXFileReference; fileEncoding = 4; lastKnownFileType = sourcecode.c.h; path = WeatherResponse.h; sourceTree = "<group>"; };
		268EE9061C3CFBB500E930DE /* WeatherResponse.m */ = {isa = PBXFileReference; fileEncoding = 4; lastKnownFileType = sourcecode.c.objc; path = WeatherResponse.m; sourceTree = "<group>"; };
		268EE9081C3E424500E930DE /* WeatherObject.h */ = {isa = PBXFileReference; fileEncoding = 4; lastKnownFileType = sourcecode.c.h; path = WeatherObject.h; sourceTree = "<group>"; };
		268EE9091C3E424500E930DE /* WeatherObject.m */ = {isa = PBXFileReference; fileEncoding = 4; lastKnownFileType = sourcecode.c.objc; path = WeatherObject.m; sourceTree = "<group>"; };
		D14AC03D1C0B459E0079A34A /* Parse Object.app */ = {isa = PBXFileReference; explicitFileType = wrapper.application; includeInIndex = 0; path = "Parse Object.app"; sourceTree = BUILT_PRODUCTS_DIR; };
		D14AC0411C0B459E0079A34A /* main.m */ = {isa = PBXFileReference; lastKnownFileType = sourcecode.c.objc; path = main.m; sourceTree = "<group>"; };
		D14AC0431C0B459E0079A34A /* AppDelegate.h */ = {isa = PBXFileReference; lastKnownFileType = sourcecode.c.h; path = AppDelegate.h; sourceTree = "<group>"; };
		D14AC0441C0B459E0079A34A /* AppDelegate.m */ = {isa = PBXFileReference; lastKnownFileType = sourcecode.c.objc; path = AppDelegate.m; sourceTree = "<group>"; };
		D14AC0461C0B459E0079A34A /* ViewController.h */ = {isa = PBXFileReference; lastKnownFileType = sourcecode.c.h; path = ViewController.h; sourceTree = "<group>"; };
		D14AC0471C0B459E0079A34A /* ViewController.m */ = {isa = PBXFileReference; lastKnownFileType = sourcecode.c.objc; path = ViewController.m; sourceTree = "<group>"; };
		D14AC04A1C0B459E0079A34A /* Base */ = {isa = PBXFileReference; lastKnownFileType = file.storyboard; name = Base; path = Base.lproj/Main.storyboard; sourceTree = "<group>"; };
		D14AC04D1C0B459E0079A34A /* Parse_Object.xcdatamodel */ = {isa = PBXFileReference; lastKnownFileType = wrapper.xcdatamodel; path = Parse_Object.xcdatamodel; sourceTree = "<group>"; };
		D14AC04F1C0B459E0079A34A /* Assets.xcassets */ = {isa = PBXFileReference; lastKnownFileType = folder.assetcatalog; path = Assets.xcassets; sourceTree = "<group>"; };
		D14AC0521C0B459E0079A34A /* Base */ = {isa = PBXFileReference; lastKnownFileType = file.storyboard; name = Base; path = Base.lproj/LaunchScreen.storyboard; sourceTree = "<group>"; };
		D14AC0541C0B459E0079A34A /* Info.plist */ = {isa = PBXFileReference; lastKnownFileType = text.plist.xml; path = Info.plist; sourceTree = "<group>"; };
		D14AC05E1C0B478A0079A34A /* NSObject+SBJson.h */ = {isa = PBXFileReference; fileEncoding = 4; lastKnownFileType = sourcecode.c.h; path = "NSObject+SBJson.h"; sourceTree = "<group>"; };
		D14AC05F1C0B478A0079A34A /* NSObject+SBJson.m */ = {isa = PBXFileReference; fileEncoding = 4; lastKnownFileType = sourcecode.c.objc; path = "NSObject+SBJson.m"; sourceTree = "<group>"; };
		D14AC0601C0B478A0079A34A /* SBJson.h */ = {isa = PBXFileReference; fileEncoding = 4; lastKnownFileType = sourcecode.c.h; path = SBJson.h; sourceTree = "<group>"; };
		D14AC0611C0B478A0079A34A /* SBJsonParser.h */ = {isa = PBXFileReference; fileEncoding = 4; lastKnownFileType = sourcecode.c.h; path = SBJsonParser.h; sourceTree = "<group>"; };
		D14AC0621C0B478A0079A34A /* SBJsonParser.m */ = {isa = PBXFileReference; fileEncoding = 4; lastKnownFileType = sourcecode.c.objc; path = SBJsonParser.m; sourceTree = "<group>"; };
		D14AC0631C0B478A0079A34A /* SBJsonStreamParser.h */ = {isa = PBXFileReference; fileEncoding = 4; lastKnownFileType = sourcecode.c.h; path = SBJsonStreamParser.h; sourceTree = "<group>"; };
		D14AC0641C0B478A0079A34A /* SBJsonStreamParser.m */ = {isa = PBXFileReference; fileEncoding = 4; lastKnownFileType = sourcecode.c.objc; path = SBJsonStreamParser.m; sourceTree = "<group>"; };
		D14AC0651C0B478A0079A34A /* SBJsonStreamParserAccumulator.h */ = {isa = PBXFileReference; fileEncoding = 4; lastKnownFileType = sourcecode.c.h; path = SBJsonStreamParserAccumulator.h; sourceTree = "<group>"; };
		D14AC0661C0B478A0079A34A /* SBJsonStreamParserAccumulator.m */ = {isa = PBXFileReference; fileEncoding = 4; lastKnownFileType = sourcecode.c.objc; path = SBJsonStreamParserAccumulator.m; sourceTree = "<group>"; };
		D14AC0671C0B478A0079A34A /* SBJsonStreamParserAdapter.h */ = {isa = PBXFileReference; fileEncoding = 4; lastKnownFileType = sourcecode.c.h; path = SBJsonStreamParserAdapter.h; sourceTree = "<group>"; };
		D14AC0681C0B478A0079A34A /* SBJsonStreamParserAdapter.m */ = {isa = PBXFileReference; fileEncoding = 4; lastKnownFileType = sourcecode.c.objc; path = SBJsonStreamParserAdapter.m; sourceTree = "<group>"; };
		D14AC0691C0B478A0079A34A /* SBJsonStreamParserState.h */ = {isa = PBXFileReference; fileEncoding = 4; lastKnownFileType = sourcecode.c.h; path = SBJsonStreamParserState.h; sourceTree = "<group>"; };
		D14AC06A1C0B478A0079A34A /* SBJsonStreamParserState.m */ = {isa = PBXFileReference; fileEncoding = 4; lastKnownFileType = sourcecode.c.objc; path = SBJsonStreamParserState.m; sourceTree = "<group>"; };
		D14AC06B1C0B478A0079A34A /* SBJsonStreamWriter.h */ = {isa = PBXFileReference; fileEncoding = 4; lastKnownFileType = sourcecode.c.h; path = SBJsonStreamWriter.h; sourceTree = "<group>"; };
		D14AC06C1C0B478A0079A34A /* SBJsonStreamWriter.m */ = {isa = PBXFileReference; fileEncoding = 4; lastKnownFileType = sourcecode.c.objc; path = SBJsonStreamWriter.m; sourceTree = "<group>"; };
		D14AC06D1C0B478A0079A34A /* SBJsonStreamWriterAccumulator.h */ = {isa = PBXFileReference; fileEncoding = 4; lastKnownFileType = sourcecode.c.h; path = SBJsonStreamWriterAccumulator.h; sourceTree = "<group>"; };
		D14AC06E1C0B478A0079A34A /* SBJsonStreamWriterAccumulator.m */ = {isa = PBXFileReference; fileEncoding = 4; lastKnownFileType = sourcecode.c.objc; path = SBJsonStreamWriterAccumulator.m; sourceTree = "<group>"; };
		D14AC06F1C0B478A0079A34A /* SBJsonStreamWriterState.h */ = {isa = PBXFileReference; fileEncoding = 4; lastKnownFileType = sourcecode.c.h; path = SBJsonStreamWriterState.h; sourceTree = "<group>"; };
		D14AC0701C0B478A0079A34A /* SBJsonStreamWriterState.m */ = {isa = PBXFileReference; fileEncoding = 4; lastKnownFileType = sourcecode.c.objc; path = SBJsonStreamWriterState.m; sourceTree = "<group>"; };
		D14AC0711C0B478A0079A34A /* SBJsonTokeniser.h */ = {isa = PBXFileReference; fileEncoding = 4; lastKnownFileType = sourcecode.c.h; path = SBJsonTokeniser.h; sourceTree = "<group>"; };
		D14AC0721C0B478A0079A34A /* SBJsonTokeniser.m */ = {isa = PBXFileReference; fileEncoding = 4; lastKnownFileType = sourcecode.c.objc; path = SBJsonTokeniser.m; sourceTree = "<group>"; };
		D14AC0731C0B478A0079A34A /* SBJsonUTF8Stream.h */ = {isa = PBXFileReference; fileEncoding = 4; lastKnownFileType = sourcecode.c.h; path = SBJsonUTF8Stream.h; sourceTree = "<group>"; };
		D14AC0741C0B478A0079A34A /* SBJsonUTF8Stream.m */ = {isa = PBXFileReference; fileEncoding = 4; lastKnownFileType = sourcecode.c.objc; path = SBJsonUTF8Stream.m; sourceTree = "<group>"; };
		D14AC0751C0B478A0079A34A /* SBJsonWriter.h */ = {isa = PBXFileReference; fileEncoding = 4; lastKnownFileType = sourcecode.c.h; path = SBJsonWriter.h; sourceTree = "<group>"; };
		D14AC0761C0B478A0079A34A /* SBJsonWriter.m */ = {isa = PBXFileReference; fileEncoding = 4; lastKnownFileType = sourcecode.c.objc; path = SBJsonWriter.m; sourceTree = "<group>"; };
		D14AC0791C0B478A0079A34A /* NSDictionary+ObjectMapper.h */ = {isa = PBXFileReference; fileEncoding = 4; lastKnownFileType = sourcecode.c.h; path = "NSDictionary+ObjectMapper.h"; sourceTree = "<group>"; };
		D14AC07A1C0B478A0079A34A /* NSDictionary+ObjectMapper.m */ = {isa = PBXFileReference; fileEncoding = 4; lastKnownFileType = sourcecode.c.objc; path = "NSDictionary+ObjectMapper.m"; sourceTree = "<group>"; };
		D14AC07B1C0B478A0079A34A /* NSObject+ObjectMapper.h */ = {isa = PBXFileReference; fileEncoding = 4; lastKnownFileType = sourcecode.c.h; path = "NSObject+ObjectMapper.h"; sourceTree = "<group>"; };
		D14AC07C1C0B478A0079A34A /* NSObject+ObjectMapper.m */ = {isa = PBXFileReference; fileEncoding = 4; lastKnownFileType = sourcecode.c.objc; path = "NSObject+ObjectMapper.m"; sourceTree = "<group>"; };
		D14AC07E1C0B478A0079A34A /* InstanceProvider.h */ = {isa = PBXFileReference; fileEncoding = 4; lastKnownFileType = sourcecode.c.h; path = InstanceProvider.h; sourceTree = "<group>"; };
		D14AC07F1C0B478A0079A34A /* ManagedObjectInstanceProvider.h */ = {isa = PBXFileReference; fileEncoding = 4; lastKnownFileType = sourcecode.c.h; path = ManagedObjectInstanceProvider.h; sourceTree = "<group>"; };
		D14AC0801C0B478A0079A34A /* ManagedObjectInstanceProvider.m */ = {isa = PBXFileReference; fileEncoding = 4; lastKnownFileType = sourcecode.c.objc; path = ManagedObjectInstanceProvider.m; sourceTree = "<group>"; };
		D14AC0811C0B478A0079A34A /* ObjectInstanceProvider.h */ = {isa = PBXFileReference; fileEncoding = 4; lastKnownFileType = sourcecode.c.h; path = ObjectInstanceProvider.h; sourceTree = "<group>"; };
		D14AC0821C0B478A0079A34A /* ObjectInstanceProvider.m */ = {isa = PBXFileReference; fileEncoding = 4; lastKnownFileType = sourcecode.c.objc; path = ObjectInstanceProvider.m; sourceTree = "<group>"; };
		D14AC0841C0B478A0079A34A /* CommonLoggingProvider.h */ = {isa = PBXFileReference; fileEncoding = 4; lastKnownFileType = sourcecode.c.h; path = CommonLoggingProvider.h; sourceTree = "<group>"; };
		D14AC0851C0B478A0079A34A /* CommonLoggingProvider.m */ = {isa = PBXFileReference; fileEncoding = 4; lastKnownFileType = sourcecode.c.objc; path = CommonLoggingProvider.m; sourceTree = "<group>"; };
		D14AC0861C0B478A0079A34A /* LoggingProvider.h */ = {isa = PBXFileReference; fileEncoding = 4; lastKnownFileType = sourcecode.c.h; path = LoggingProvider.h; sourceTree = "<group>"; };
		D14AC0891C0B478A0079A34A /* InCodeMappingProvider.h */ = {isa = PBXFileReference; fileEncoding = 4; lastKnownFileType = sourcecode.c.h; path = InCodeMappingProvider.h; sourceTree = "<group>"; };
		D14AC08A1C0B478A0079A34A /* InCodeMappingProvider.m */ = {isa = PBXFileReference; fileEncoding = 4; lastKnownFileType = sourcecode.c.objc; path = InCodeMappingProvider.m; sourceTree = "<group>"; };
		D14AC08B1C0B478A0079A34A /* MappingProvider.h */ = {isa = PBXFileReference; fileEncoding = 4; lastKnownFileType = sourcecode.c.h; path = MappingProvider.h; sourceTree = "<group>"; };
		D14AC08C1C0B478A0079A34A /* ObjectMapper.h */ = {isa = PBXFileReference; fileEncoding = 4; lastKnownFileType = sourcecode.c.h; path = ObjectMapper.h; sourceTree = "<group>"; };
		D14AC08D1C0B478A0079A34A /* ObjectMapper.m */ = {isa = PBXFileReference; fileEncoding = 4; lastKnownFileType = sourcecode.c.objc; path = ObjectMapper.m; sourceTree = "<group>"; };
		D14AC08E1C0B478A0079A34A /* ObjectMappingInfo.h */ = {isa = PBXFileReference; fileEncoding = 4; lastKnownFileType = sourcecode.c.h; path = ObjectMappingInfo.h; sourceTree = "<group>"; };
		D14AC08F1C0B478A0079A34A /* ObjectMappingInfo.m */ = {isa = PBXFileReference; fileEncoding = 4; lastKnownFileType = sourcecode.c.objc; path = ObjectMappingInfo.m; sourceTree = "<group>"; };
		D14AC0901C0B478A0079A34A /* OCMapper.h */ = {isa = PBXFileReference; fileEncoding = 4; lastKnownFileType = sourcecode.c.h; path = OCMapper.h; sourceTree = "<group>"; };
		D14AC0A71C0B48720079A34A /* Declarations.h */ = {isa = PBXFileReference; fileEncoding = 4; lastKnownFileType = sourcecode.c.h; path = Declarations.h; sourceTree = "<group>"; };
		D14AC0A81C0B48720079A34A /* Declarations.m */ = {isa = PBXFileReference; fileEncoding = 4; lastKnownFileType = sourcecode.c.objc; path = Declarations.m; sourceTree = "<group>"; };
		D14AC0AA1C0B48820079A34A /* WebServices.h */ = {isa = PBXFileReference; fileEncoding = 4; lastKnownFileType = sourcecode.c.h; path = WebServices.h; sourceTree = "<group>"; };
		D14AC0AB1C0B48820079A34A /* WebServices.m */ = {isa = PBXFileReference; fileEncoding = 4; lastKnownFileType = sourcecode.c.objc; path = WebServices.m; sourceTree = "<group>"; };
		D14AC0AD1C0B488F0079A34A /* Parser.h */ = {isa = PBXFileReference; fileEncoding = 4; lastKnownFileType = sourcecode.c.h; path = Parser.h; sourceTree = "<group>"; };
		D14AC0AE1C0B488F0079A34A /* Parser.m */ = {isa = PBXFileReference; fileEncoding = 4; lastKnownFileType = sourcecode.c.objc; path = Parser.m; sourceTree = "<group>"; };
		D14AC0B01C0B48AE0079A34A /* OCMapperConfig.h */ = {isa = PBXFileReference; fileEncoding = 4; lastKnownFileType = sourcecode.c.h; path = OCMapperConfig.h; sourceTree = "<group>"; };
		D14AC0B11C0B48AE0079A34A /* OCMapperConfig.m */ = {isa = PBXFileReference; fileEncoding = 4; lastKnownFileType = sourcecode.c.objc; path = OCMapperConfig.m; sourceTree = "<group>"; };
		D14AC0B41C0B55F90079A34A /* ObjectResponse.h */ = {isa = PBXFileReference; fileEncoding = 4; lastKnownFileType = sourcecode.c.h; path = ObjectResponse.h; sourceTree = "<group>"; };
		D14AC0B51C0B55F90079A34A /* ObjectResponse.m */ = {isa = PBXFileReference; fileEncoding = 4; lastKnownFileType = sourcecode.c.objc; path = ObjectResponse.m; sourceTree = "<group>"; };
		D14AC0B81C0B59B70079A34A /* ZonesObject.h */ = {isa = PBXFileReference; fileEncoding = 4; lastKnownFileType = sourcecode.c.h; path = ZonesObject.h; sourceTree = "<group>"; };
		D14AC0B91C0B59B70079A34A /* ZonesObject.m */ = {isa = PBXFileReference; fileEncoding = 4; lastKnownFileType = sourcecode.c.objc; path = ZonesObject.m; sourceTree = "<group>"; };
/* End PBXFileReference section */

/* Begin PBXFrameworksBuildPhase section */
		D14AC03A1C0B459E0079A34A /* Frameworks */ = {
			isa = PBXFrameworksBuildPhase;
			buildActionMask = 2147483647;
			files = (
			);
			runOnlyForDeploymentPostprocessing = 0;
		};
/* End PBXFrameworksBuildPhase section */

/* Begin PBXGroup section */
		268EE9041C3CFB6000E930DE /* Weather */ = {
			isa = PBXGroup;
			children = (
				268EE9051C3CFBB500E930DE /* WeatherResponse.h */,
				268EE9061C3CFBB500E930DE /* WeatherResponse.m */,
				268EE9081C3E424500E930DE /* WeatherObject.h */,
				268EE9091C3E424500E930DE /* WeatherObject.m */,
			);
			name = Weather;
			sourceTree = "<group>";
		};
		268EE90B1C3E542600E930DE /* Sys */ = {
			isa = PBXGroup;
			children = (
			);
			name = Sys;
			sourceTree = "<group>";
		};
		D14AC0341C0B459E0079A34A = {
			isa = PBXGroup;
			children = (
				D14AC03F1C0B459E0079A34A /* Parse Object */,
				D14AC03E1C0B459E0079A34A /* Products */,
			);
			sourceTree = "<group>";
		};
		D14AC03E1C0B459E0079A34A /* Products */ = {
			isa = PBXGroup;
			children = (
				D14AC03D1C0B459E0079A34A /* Parse Object.app */,
			);
			name = Products;
			sourceTree = "<group>";
		};
		D14AC03F1C0B459E0079A34A /* Parse Object */ = {
			isa = PBXGroup;
			children = (
				D14AC05A1C0B464E0079A34A /* Main */,
				D14AC05C1C0B477D0079A34A /* Classes */,
				D14AC05B1C0B46550079A34A /* Controllers */,
				D14AC0A51C0B483C0079A34A /* Models */,
				D14AC0491C0B459E0079A34A /* Main.storyboard */,
				D14AC04F1C0B459E0079A34A /* Assets.xcassets */,
				D14AC0511C0B459E0079A34A /* LaunchScreen.storyboard */,
				D14AC0541C0B459E0079A34A /* Info.plist */,
				D14AC04C1C0B459E0079A34A /* Parse_Object.xcdatamodeld */,
				D14AC0401C0B459E0079A34A /* Supporting Files */,
			);
			path = "Parse Object";
			sourceTree = "<group>";
		};
		D14AC0401C0B459E0079A34A /* Supporting Files */ = {
			isa = PBXGroup;
			children = (
				D14AC0411C0B459E0079A34A /* main.m */,
			);
			name = "Supporting Files";
			sourceTree = "<group>";
		};
		D14AC05A1C0B464E0079A34A /* Main */ = {
			isa = PBXGroup;
			children = (
				D14AC0431C0B459E0079A34A /* AppDelegate.h */,
				D14AC0441C0B459E0079A34A /* AppDelegate.m */,
				D14AC0A71C0B48720079A34A /* Declarations.h */,
				D14AC0A81C0B48720079A34A /* Declarations.m */,
				D14AC0AA1C0B48820079A34A /* WebServices.h */,
				D14AC0AB1C0B48820079A34A /* WebServices.m */,
				D14AC0AD1C0B488F0079A34A /* Parser.h */,
				D14AC0AE1C0B488F0079A34A /* Parser.m */,
				D14AC0B01C0B48AE0079A34A /* OCMapperConfig.h */,
				D14AC0B11C0B48AE0079A34A /* OCMapperConfig.m */,
			);
			name = Main;
			sourceTree = "<group>";
		};
		D14AC05B1C0B46550079A34A /* Controllers */ = {
			isa = PBXGroup;
			children = (
				D14AC0461C0B459E0079A34A /* ViewController.h */,
				D14AC0471C0B459E0079A34A /* ViewController.m */,
			);
			name = Controllers;
			sourceTree = "<group>";
		};
		D14AC05C1C0B477D0079A34A /* Classes */ = {
			isa = PBXGroup;
			children = (
				D14AC05D1C0B478A0079A34A /* json */,
				D14AC0771C0B478A0079A34A /* ocmapper */,
			);
			name = Classes;
			sourceTree = "<group>";
		};
		D14AC05D1C0B478A0079A34A /* json */ = {
			isa = PBXGroup;
			children = (
				D14AC05E1C0B478A0079A34A /* NSObject+SBJson.h */,
				D14AC05F1C0B478A0079A34A /* NSObject+SBJson.m */,
				D14AC0601C0B478A0079A34A /* SBJson.h */,
				D14AC0611C0B478A0079A34A /* SBJsonParser.h */,
				D14AC0621C0B478A0079A34A /* SBJsonParser.m */,
				D14AC0631C0B478A0079A34A /* SBJsonStreamParser.h */,
				D14AC0641C0B478A0079A34A /* SBJsonStreamParser.m */,
				D14AC0651C0B478A0079A34A /* SBJsonStreamParserAccumulator.h */,
				D14AC0661C0B478A0079A34A /* SBJsonStreamParserAccumulator.m */,
				D14AC0671C0B478A0079A34A /* SBJsonStreamParserAdapter.h */,
				D14AC0681C0B478A0079A34A /* SBJsonStreamParserAdapter.m */,
				D14AC0691C0B478A0079A34A /* SBJsonStreamParserState.h */,
				D14AC06A1C0B478A0079A34A /* SBJsonStreamParserState.m */,
				D14AC06B1C0B478A0079A34A /* SBJsonStreamWriter.h */,
				D14AC06C1C0B478A0079A34A /* SBJsonStreamWriter.m */,
				D14AC06D1C0B478A0079A34A /* SBJsonStreamWriterAccumulator.h */,
				D14AC06E1C0B478A0079A34A /* SBJsonStreamWriterAccumulator.m */,
				D14AC06F1C0B478A0079A34A /* SBJsonStreamWriterState.h */,
				D14AC0701C0B478A0079A34A /* SBJsonStreamWriterState.m */,
				D14AC0711C0B478A0079A34A /* SBJsonTokeniser.h */,
				D14AC0721C0B478A0079A34A /* SBJsonTokeniser.m */,
				D14AC0731C0B478A0079A34A /* SBJsonUTF8Stream.h */,
				D14AC0741C0B478A0079A34A /* SBJsonUTF8Stream.m */,
				D14AC0751C0B478A0079A34A /* SBJsonWriter.h */,
				D14AC0761C0B478A0079A34A /* SBJsonWriter.m */,
			);
			path = json;
			sourceTree = "<group>";
		};
		D14AC0771C0B478A0079A34A /* ocmapper */ = {
			isa = PBXGroup;
			children = (
				D14AC0781C0B478A0079A34A /* Categories */,
				D14AC07D1C0B478A0079A34A /* Instance Provider */,
				D14AC0831C0B478A0079A34A /* Logging Provider */,
				D14AC0871C0B478A0079A34A /* Mapping Provider */,
				D14AC08C1C0B478A0079A34A /* ObjectMapper.h */,
				D14AC08D1C0B478A0079A34A /* ObjectMapper.m */,
				D14AC08E1C0B478A0079A34A /* ObjectMappingInfo.h */,
				D14AC08F1C0B478A0079A34A /* ObjectMappingInfo.m */,
				D14AC0901C0B478A0079A34A /* OCMapper.h */,
			);
			path = ocmapper;
			sourceTree = "<group>";
		};
		D14AC0781C0B478A0079A34A /* Categories */ = {
			isa = PBXGroup;
			children = (
				D14AC0791C0B478A0079A34A /* NSDictionary+ObjectMapper.h */,
				D14AC07A1C0B478A0079A34A /* NSDictionary+ObjectMapper.m */,
				D14AC07B1C0B478A0079A34A /* NSObject+ObjectMapper.h */,
				D14AC07C1C0B478A0079A34A /* NSObject+ObjectMapper.m */,
			);
			path = Categories;
			sourceTree = "<group>";
		};
		D14AC07D1C0B478A0079A34A /* Instance Provider */ = {
			isa = PBXGroup;
			children = (
				D14AC07E1C0B478A0079A34A /* InstanceProvider.h */,
				D14AC07F1C0B478A0079A34A /* ManagedObjectInstanceProvider.h */,
				D14AC0801C0B478A0079A34A /* ManagedObjectInstanceProvider.m */,
				D14AC0811C0B478A0079A34A /* ObjectInstanceProvider.h */,
				D14AC0821C0B478A0079A34A /* ObjectInstanceProvider.m */,
			);
			path = "Instance Provider";
			sourceTree = "<group>";
		};
		D14AC0831C0B478A0079A34A /* Logging Provider */ = {
			isa = PBXGroup;
			children = (
				D14AC0841C0B478A0079A34A /* CommonLoggingProvider.h */,
				D14AC0851C0B478A0079A34A /* CommonLoggingProvider.m */,
				D14AC0861C0B478A0079A34A /* LoggingProvider.h */,
			);
			path = "Logging Provider";
			sourceTree = "<group>";
		};
		D14AC0871C0B478A0079A34A /* Mapping Provider */ = {
			isa = PBXGroup;
			children = (
				D14AC0881C0B478A0079A34A /* In Code Mapping */,
				D14AC08B1C0B478A0079A34A /* MappingProvider.h */,
			);
			path = "Mapping Provider";
			sourceTree = "<group>";
		};
		D14AC0881C0B478A0079A34A /* In Code Mapping */ = {
			isa = PBXGroup;
			children = (
				D14AC0891C0B478A0079A34A /* InCodeMappingProvider.h */,
				D14AC08A1C0B478A0079A34A /* InCodeMappingProvider.m */,
			);
			path = "In Code Mapping";
			sourceTree = "<group>";
		};
		D14AC0A51C0B483C0079A34A /* Models */ = {
			isa = PBXGroup;
			children = (
				268EE90B1C3E542600E930DE /* Sys */,
				268EE9041C3CFB6000E930DE /* Weather */,
				D14AC0B31C0B55D90079A34A /* General */,
				D14AC0B71C0B59A30079A34A /* Zones */,
			);
			name = Models;
			sourceTree = "<group>";
		};
		D14AC0B31C0B55D90079A34A /* General */ = {
			isa = PBXGroup;
			children = (
				D14AC0B41C0B55F90079A34A /* ObjectResponse.h */,
				D14AC0B51C0B55F90079A34A /* ObjectResponse.m */,
			);
			name = General;
			sourceTree = "<group>";
		};
		D14AC0B71C0B59A30079A34A /* Zones */ = {
			isa = PBXGroup;
			children = (
				D14AC0B81C0B59B70079A34A /* ZonesObject.h */,
				D14AC0B91C0B59B70079A34A /* ZonesObject.m */,
			);
			name = Zones;
			sourceTree = "<group>";
		};
/* End PBXGroup section */

/* Begin PBXNativeTarget section */
		D14AC03C1C0B459E0079A34A /* Parse Object */ = {
			isa = PBXNativeTarget;
			buildConfigurationList = D14AC0571C0B459E0079A34A /* Build configuration list for PBXNativeTarget "Parse Object" */;
			buildPhases = (
				D14AC0391C0B459E0079A34A /* Sources */,
				D14AC03A1C0B459E0079A34A /* Frameworks */,
				D14AC03B1C0B459E0079A34A /* Resources */,
			);
			buildRules = (
			);
			dependencies = (
			);
			name = "Parse Object";
			productName = "Parse Object";
			productReference = D14AC03D1C0B459E0079A34A /* Parse Object.app */;
			productType = "com.apple.product-type.application";
		};
/* End PBXNativeTarget section */

/* Begin PBXProject section */
		D14AC0351C0B459E0079A34A /* Project object */ = {
			isa = PBXProject;
			attributes = {
				LastUpgradeCheck = 0710;
				ORGANIZATIONNAME = Smartplace;
				TargetAttributes = {
					D14AC03C1C0B459E0079A34A = {
						CreatedOnToolsVersion = 7.1.1;
					};
				};
			};
			buildConfigurationList = D14AC0381C0B459E0079A34A /* Build configuration list for PBXProject "Parse Object" */;
			compatibilityVersion = "Xcode 3.2";
			developmentRegion = English;
			hasScannedForEncodings = 0;
			knownRegions = (
				en,
				Base,
			);
			mainGroup = D14AC0341C0B459E0079A34A;
			productRefGroup = D14AC03E1C0B459E0079A34A /* Products */;
			projectDirPath = "";
			projectRoot = "";
			targets = (
				D14AC03C1C0B459E0079A34A /* Parse Object */,
			);
		};
/* End PBXProject section */

/* Begin PBXResourcesBuildPhase section */
		D14AC03B1C0B459E0079A34A /* Resources */ = {
			isa = PBXResourcesBuildPhase;
			buildActionMask = 2147483647;
			files = (
				D14AC0531C0B459E0079A34A /* LaunchScreen.storyboard in Resources */,
				D14AC0501C0B459E0079A34A /* Assets.xcassets in Resources */,
				D14AC04B1C0B459E0079A34A /* Main.storyboard in Resources */,
			);
			runOnlyForDeploymentPostprocessing = 0;
		};
/* End PBXResourcesBuildPhase section */

/* Begin PBXSourcesBuildPhase section */
		D14AC0391C0B459E0079A34A /* Sources */ = {
			isa = PBXSourcesBuildPhase;
			buildActionMask = 2147483647;
			files = (
				D14AC0A11C0B478A0079A34A /* CommonLoggingProvider.m in Sources */,
				D14AC0481C0B459E0079A34A /* ViewController.m in Sources */,
				D14AC0451C0B459E0079A34A /* AppDelegate.m in Sources */,
				D14AC0981C0B478A0079A34A /* SBJsonStreamWriterAccumulator.m in Sources */,
				268EE9071C3CFBB500E930DE /* WeatherResponse.m in Sources */,
				D14AC09E1C0B478A0079A34A /* NSObject+ObjectMapper.m in Sources */,
				D14AC0941C0B478A0079A34A /* SBJsonStreamParserAccumulator.m in Sources */,
				D14AC0961C0B478A0079A34A /* SBJsonStreamParserState.m in Sources */,
				D14AC09D1C0B478A0079A34A /* NSDictionary+ObjectMapper.m in Sources */,
				D14AC0B21C0B48AE0079A34A /* OCMapperConfig.m in Sources */,
				D14AC09C1C0B478A0079A34A /* SBJsonWriter.m in Sources */,
				D14AC0A21C0B478A0079A34A /* InCodeMappingProvider.m in Sources */,
				D14AC04E1C0B459E0079A34A /* Parse_Object.xcdatamodeld in Sources */,
				D14AC0991C0B478A0079A34A /* SBJsonStreamWriterState.m in Sources */,
				D14AC0921C0B478A0079A34A /* SBJsonParser.m in Sources */,
				D14AC09B1C0B478A0079A34A /* SBJsonUTF8Stream.m in Sources */,
				D14AC0931C0B478A0079A34A /* SBJsonStreamParser.m in Sources */,
				268EE90A1C3E424500E930DE /* WeatherObject.m in Sources */,
				D14AC0BA1C0B59B70079A34A /* ZonesObject.m in Sources */,
				D14AC09A1C0B478A0079A34A /* SBJsonTokeniser.m in Sources */,
				D14AC0AF1C0B488F0079A34A /* Parser.m in Sources */,
				D14AC0911C0B478A0079A34A /* NSObject+SBJson.m in Sources */,
				D14AC0421C0B459E0079A34A /* main.m in Sources */,
				D14AC0AC1C0B48820079A34A /* WebServices.m in Sources */,
				D14AC0A31C0B478A0079A34A /* ObjectMapper.m in Sources */,
				D14AC0A91C0B48720079A34A /* Declarations.m in Sources */,
				D14AC0971C0B478A0079A34A /* SBJsonStreamWriter.m in Sources */,
				D14AC0951C0B478A0079A34A /* SBJsonStreamParserAdapter.m in Sources */,
				D14AC0A41C0B478A0079A34A /* ObjectMappingInfo.m in Sources */,
				D14AC0A01C0B478A0079A34A /* ObjectInstanceProvider.m in Sources */,
				D14AC0B61C0B55F90079A34A /* ObjectResponse.m in Sources */,
				D14AC09F1C0B478A0079A34A /* ManagedObjectInstanceProvider.m in Sources */,
			);
			runOnlyForDeploymentPostprocessing = 0;
		};
/* End PBXSourcesBuildPhase section */

/* Begin PBXVariantGroup section */
		D14AC0491C0B459E0079A34A /* Main.storyboard */ = {
			isa = PBXVariantGroup;
			children = (
				D14AC04A1C0B459E0079A34A /* Base */,
			);
			name = Main.storyboard;
			sourceTree = "<group>";
		};
		D14AC0511C0B459E0079A34A /* LaunchScreen.storyboard */ = {
			isa = PBXVariantGroup;
			children = (
				D14AC0521C0B459E0079A34A /* Base */,
			);
			name = LaunchScreen.storyboard;
			sourceTree = "<group>";
		};
/* End PBXVariantGroup section */

/* Begin XCBuildConfiguration section */
		D14AC0551C0B459E0079A34A /* Debug */ = {
			isa = XCBuildConfiguration;
			buildSettings = {
				ALWAYS_SEARCH_USER_PATHS = NO;
				CLANG_CXX_LANGUAGE_STANDARD = "gnu++0x";
				CLANG_CXX_LIBRARY = "libc++";
				CLANG_ENABLE_MODULES = YES;
				CLANG_ENABLE_OBJC_ARC = YES;
				CLANG_WARN_BOOL_CONVERSION = YES;
				CLANG_WARN_CONSTANT_CONVERSION = YES;
				CLANG_WARN_DIRECT_OBJC_ISA_USAGE = YES_ERROR;
				CLANG_WARN_EMPTY_BODY = YES;
				CLANG_WARN_ENUM_CONVERSION = YES;
				CLANG_WARN_INT_CONVERSION = YES;
				CLANG_WARN_OBJC_ROOT_CLASS = YES_ERROR;
				CLANG_WARN_UNREACHABLE_CODE = YES;
				CLANG_WARN__DUPLICATE_METHOD_MATCH = YES;
				"CODE_SIGN_IDENTITY[sdk=iphoneos*]" = "iPhone Developer";
				COPY_PHASE_STRIP = NO;
				DEBUG_INFORMATION_FORMAT = dwarf;
				ENABLE_STRICT_OBJC_MSGSEND = YES;
				ENABLE_TESTABILITY = YES;
				GCC_C_LANGUAGE_STANDARD = gnu99;
				GCC_DYNAMIC_NO_PIC = NO;
				GCC_NO_COMMON_BLOCKS = YES;
				GCC_OPTIMIZATION_LEVEL = 0;
				GCC_PREPROCESSOR_DEFINITIONS = (
					"DEBUG=1",
					"$(inherited)",
				);
				GCC_WARN_64_TO_32_BIT_CONVERSION = YES;
				GCC_WARN_ABOUT_RETURN_TYPE = YES_ERROR;
				GCC_WARN_UNDECLARED_SELECTOR = YES;
				GCC_WARN_UNINITIALIZED_AUTOS = YES_AGGRESSIVE;
				GCC_WARN_UNUSED_FUNCTION = YES;
				GCC_WARN_UNUSED_VARIABLE = YES;
				IPHONEOS_DEPLOYMENT_TARGET = 9.1;
				MTL_ENABLE_DEBUG_INFO = YES;
				ONLY_ACTIVE_ARCH = YES;
				SDKROOT = iphoneos;
			};
			name = Debug;
		};
		D14AC0561C0B459E0079A34A /* Release */ = {
			isa = XCBuildConfiguration;
			buildSettings = {
				ALWAYS_SEARCH_USER_PATHS = NO;
				CLANG_CXX_LANGUAGE_STANDARD = "gnu++0x";
				CLANG_CXX_LIBRARY = "libc++";
				CLANG_ENABLE_MODULES = YES;
				CLANG_ENABLE_OBJC_ARC = YES;
				CLANG_WARN_BOOL_CONVERSION = YES;
				CLANG_WARN_CONSTANT_CONVERSION = YES;
				CLANG_WARN_DIRECT_OBJC_ISA_USAGE = YES_ERROR;
				CLANG_WARN_EMPTY_BODY = YES;
				CLANG_WARN_ENUM_CONVERSION = YES;
				CLANG_WARN_INT_CONVERSION = YES;
				CLANG_WARN_OBJC_ROOT_CLASS = YES_ERROR;
				CLANG_WARN_UNREACHABLE_CODE = YES;
				CLANG_WARN__DUPLICATE_METHOD_MATCH = YES;
				"CODE_SIGN_IDENTITY[sdk=iphoneos*]" = "iPhone Developer";
				COPY_PHASE_STRIP = NO;
				DEBUG_INFORMATION_FORMAT = "dwarf-with-dsym";
				ENABLE_NS_ASSERTIONS = NO;
				ENABLE_STRICT_OBJC_MSGSEND = YES;
				GCC_C_LANGUAGE_STANDARD = gnu99;
				GCC_NO_COMMON_BLOCKS = YES;
				GCC_WARN_64_TO_32_BIT_CONVERSION = YES;
				GCC_WARN_ABOUT_RETURN_TYPE = YES_ERROR;
				GCC_WARN_UNDECLARED_SELECTOR = YES;
				GCC_WARN_UNINITIALIZED_AUTOS = YES_AGGRESSIVE;
				GCC_WARN_UNUSED_FUNCTION = YES;
				GCC_WARN_UNUSED_VARIABLE = YES;
				IPHONEOS_DEPLOYMENT_TARGET = 9.1;
				MTL_ENABLE_DEBUG_INFO = NO;
				SDKROOT = iphoneos;
				VALIDATE_PRODUCT = YES;
			};
			name = Release;
		};
		D14AC0581C0B459E0079A34A /* Debug */ = {
			isa = XCBuildConfiguration;
			buildSettings = {
				ASSETCATALOG_COMPILER_APPICON_NAME = AppIcon;
				INFOPLIST_FILE = "Parse Object/Info.plist";
				IPHONEOS_DEPLOYMENT_TARGET = 8.1;
				LD_RUNPATH_SEARCH_PATHS = "$(inherited) @executable_path/Frameworks";
				PRODUCT_BUNDLE_IDENTIFIER = "com.smartplace.Parse-Object";
				PRODUCT_NAME = "$(TARGET_NAME)";
			};
			name = Debug;
		};
		D14AC0591C0B459E0079A34A /* Release */ = {
			isa = XCBuildConfiguration;
			buildSettings = {
				ASSETCATALOG_COMPILER_APPICON_NAME = AppIcon;
				INFOPLIST_FILE = "Parse Object/Info.plist";
				IPHONEOS_DEPLOYMENT_TARGET = 8.1;
				LD_RUNPATH_SEARCH_PATHS = "$(inherited) @executable_path/Frameworks";
				PRODUCT_BUNDLE_IDENTIFIER = "com.smartplace.Parse-Object";
				PRODUCT_NAME = "$(TARGET_NAME)";
			};
			name = Release;
		};
/* End XCBuildConfiguration section */

/* Begin XCConfigurationList section */
		D14AC0381C0B459E0079A34A /* Build configuration list for PBXProject "Parse Object" */ = {
			isa = XCConfigurationList;
			buildConfigurations = (
				D14AC0551C0B459E0079A34A /* Debug */,
				D14AC0561C0B459E0079A34A /* Release */,
			);
			defaultConfigurationIsVisible = 0;
			defaultConfigurationName = Release;
		};
		D14AC0571C0B459E0079A34A /* Build configuration list for PBXNativeTarget "Parse Object" */ = {
			isa = XCConfigurationList;
			buildConfigurations = (
				D14AC0581C0B459E0079A34A /* Debug */,
				D14AC0591C0B459E0079A34A /* Release */,
			);
			defaultConfigurationIsVisible = 0;
			defaultConfigurationName = Release;
		};
/* End XCConfigurationList section */

/* Begin XCVersionGroup section */
		D14AC04C1C0B459E0079A34A /* Parse_Object.xcdatamodeld */ = {
			isa = XCVersionGroup;
			children = (
				D14AC04D1C0B459E0079A34A /* Parse_Object.xcdatamodel */,
			);
			currentVersion = D14AC04D1C0B459E0079A34A /* Parse_Object.xcdatamodel */;
			path = Parse_Object.xcdatamodeld;
			sourceTree = "<group>";
			versionGroupType = wrapper.xcdatamodel;
		};
/* End XCVersionGroup section */
	};
	rootObject = D14AC0351C0B459E0079A34A /* Project object */;
}
